version: 7
platforms:
- name: osx-arm64
  virtual-packages:
  - __unix=0=0
  - __osx=13.0
  - __archspec=0=m1
environments:
  default:
    channels:
    - url: https://conda.anaconda.org/conda-forge/
    - url: https://conda.modular.com/max/
    packages:
      osx-arm64:
      - conda: https://conda.anaconda.org/conda-forge/noarch/_python_abi3_support-1.0-hd8ed1ab_3.conda
      - conda: https://conda.anaconda.org/conda-forge/noarch/ca-certificates-2026.7.22-hbd8a1cb_0.conda
      - conda: https://conda.anaconda.org/conda-forge/noarch/click-8.5.0-pyh5ded981_0.conda
      - conda: https://conda.anaconda.org/conda-forge/noarch/cpython-3.14.8-py314hd8ed1ab_101.conda
      - conda: https://conda.anaconda.org/conda-forge/noarch/exceptiongroup-1.3.1-pyhd8ed1ab_0.conda
      - conda: https://conda.anaconda.org/conda-forge/noarch/importlib-metadata-9.0.1-pyhcf101f3_0.conda
      - conda: https://conda.anaconda.org/conda-forge/noarch/jupyter_client-8.6.3-pyhd8ed1ab_1.conda
      - conda: https://conda.anaconda.org/conda-forge/noarch/jupyter_core-5.9.1-pyhc90fa1f_0.conda
      - conda: https://conda.anaconda.org/conda-forge/noarch/markdown-it-py-4.2.0-pyhd8ed1ab_0.conda
      - conda: https://conda.anaconda.org/conda-forge/noarch/mdurl-0.1.2-pyhd8ed1ab_1.conda
      - conda: https://conda.anaconda.org/conda-forge/noarch/mypy_extensions-1.1.0-pyha770c72_0.conda
      - conda: https://conda.anaconda.org/conda-forge/noarch/packaging-26.3-pyhc364b38_0.conda
      - conda: https://conda.anaconda.org/conda-forge/noarch/pathspec-1.1.1-pyhd8ed1ab_0.conda
      - conda: https://conda.anaconda.org/conda-forge/noarch/platformdirs-4.12.4-pyh5ded981_0.conda
      - conda: https://conda.anaconda.org/conda-forge/noarch/pygments-2.21.0-pyhcf101f3_0.conda
      - conda: https://conda.anaconda.org/conda-forge/noarch/python-dateutil-2.9.0.post0-pyhe01879c_2.conda
      - conda: https://conda.anaconda.org/conda-forge/noarch/python-gil-3.14.8-h4df99d1_101.conda
      - conda: https://conda.anaconda.org/conda-forge/noarch/python_abi-3.14-9_cp314.conda
      - conda: https://conda.anaconda.org/conda-forge/noarch/rich-15.0.0-pyhcf101f3_0.conda
      - conda: https://conda.anaconda.org/conda-forge/noarch/six-1.17.0-pyhe01879c_1.conda
      - conda: https://conda.anaconda.org/conda-forge/noarch/taskgroup-0.2.2-pyhd8ed1ab_0.conda
      - conda: https://conda.anaconda.org/conda-forge/noarch/tomli-2.5.0-pyh5ded981_0.conda
      - conda: https://conda.anaconda.org/conda-forge/noarch/traitlets-5.16.1-pyhcf101f3_0.conda
      - conda: https://conda.anaconda.org/conda-forge/noarch/typing-extensions-4.16.0-h69aa097_0.conda
      - conda: https://conda.anaconda.org/conda-forge/noarch/typing_extensions-4.16.0-pyhcf101f3_0.conda
      - conda: https://conda.anaconda.org/conda-forge/noarch/tzdata-2026c-h151e31d_0.conda
      - conda: https://conda.anaconda.org/conda-forge/noarch/zipp-4.1.1-pyh5ded981_0.conda
      - conda: https://conda.anaconda.org/conda-forge/osx-arm64/_openmp_mutex-4.5-8_kmp_llvm.conda
      - conda: https://conda.anaconda.org/conda-forge/osx-arm64/bzip2-1.0.8-h4e30115_10.conda
      - conda: https://conda.anaconda.org/conda-forge/osx-arm64/krb5-1.22.2-h34f8a20_2.conda
      - conda: https://conda.anaconda.org/conda-forge/osx-arm64/libblas-3.11.0-11_h51639a9_openblas.conda
      - conda: https://conda.anaconda.org/conda-forge/osx-arm64/libcblas-3.11.0-11_hb0561ab_openblas.conda
      - conda: https://conda.anaconda.org/conda-forge/osx-arm64/libcxx-23.1.3-h55c6f16_0.conda
      - conda: https://conda.anaconda.org/conda-forge/osx-arm64/libedit-3.1.20260512-pl5321h26f1114_0.conda
      - conda: https://conda.anaconda.org/conda-forge/osx-arm64/libexpat-2.8.5-h6111c0a_0.conda
      - conda: https://conda.anaconda.org/conda-forge/osx-arm64/libffi-3.7.0-h47dc5ef_1.conda
      - conda: https://conda.anaconda.org/conda-forge/osx-arm64/libgcc-16.2.0-h3cf6597_7.conda
      - conda: https://conda.anaconda.org/conda-forge/osx-arm64/libgfortran-16.2.0-h07b0088_7.conda
      - conda: https://conda.anaconda.org/conda-forge/osx-arm64/libgfortran5-16.2.0-hdb7a957_7.conda
      - conda: https://conda.anaconda.org/conda-forge/osx-arm64/liblapack-3.11.0-11_hd9741b5_openblas.conda
      - conda: https://conda.anaconda.org/conda-forge/osx-arm64/liblzma-5.8.3-h8088a28_1.conda
      - conda: https://conda.anaconda.org/conda-forge/osx-arm64/libmpdec-4.0.0-h84a0fba_2.conda
      - conda: https://conda.anaconda.org/conda-forge/osx-arm64/libopenblas-0.3.34-openmp_h5e6e99c_1.conda
      - conda: https://conda.anaconda.org/conda-forge/osx-arm64/libpython-3.14.8-h4311e70_101_cp314.conda
      - conda: https://conda.anaconda.org/conda-forge/osx-arm64/libsodium-1.0.22-h74c22ad_3.conda
      - conda: https://conda.anaconda.org/conda-forge/osx-arm64/libsqlite-3.53.4-h34a968b_103.conda
      - conda: https://conda.anaconda.org/conda-forge/osx-arm64/libzlib-1.3.2-h8088a28_3.conda
      - conda: https://conda.anaconda.org/conda-forge/osx-arm64/llvm-openmp-23.1.3-hdb3d66b_0.conda
      - conda: https://conda.anaconda.org/conda-forge/osx-arm64/msgspec-0.22.0-py314hcd3153d_0.conda
      - conda: https://conda.anaconda.org/conda-forge/osx-arm64/ncurses-6.6-he64c551_1.conda
      - conda: https://conda.anaconda.org/conda-forge/osx-arm64/numpy-2.5.3-py314he06036b_0.conda
      - conda: https://conda.anaconda.org/conda-forge/osx-arm64/openssl-3.6.5-h55eecbc_0.conda
      - conda: https://conda.anaconda.org/conda-forge/osx-arm64/psutil-7.2.2-py314hd98292b_3.conda
      - conda: https://conda.anaconda.org/conda-forge/osx-arm64/python-3.14.8-h0ae1c2c_101_cp314.conda
      - conda: https://conda.anaconda.org/conda-forge/osx-arm64/pyzmq-27.2.0-py312hdfb5542_2.conda
      - conda: https://conda.anaconda.org/conda-forge/osx-arm64/readline-8.3-h8b90a29_1.conda
      - conda: https://conda.anaconda.org/conda-forge/osx-arm64/tk-8.6.13-hbeba79b_4.conda
      - conda: https://conda.anaconda.org/conda-forge/osx-arm64/tornado-6.5.10-py314hcd3153d_0.conda
      - conda: https://conda.anaconda.org/conda-forge/osx-arm64/zeromq-4.3.5-h6eb0046_12.conda
      - conda: https://conda.anaconda.org/conda-forge/osx-arm64/zstd-1.5.7-hf451053_7.conda
      - conda: https://conda.modular.com/max/noarch/mblack-26.5.0-release.conda
      - conda: https://conda.modular.com/max/noarch/mojo-python-1.0.0-release.conda
      - conda: https://conda.modular.com/max/osx-arm64/max-26.5.0-3.14release.conda
      - conda: https://conda.modular.com/max/osx-arm64/max-core-26.5.0-release.conda
      - conda: https://conda.modular.com/max/osx-arm64/mojo-1.0.0-release.conda
      - conda: https://conda.modular.com/max/osx-arm64/mojo-compiler-1.0.0-release.conda
packages:
- conda: https://conda.anaconda.org/conda-forge/noarch/_python_abi3_support-1.0-hd8ed1ab_3.conda
  sha256: 2a7204314663eeda5dec482a956f0e2eaf289bd5b9953eaaaad0e81aa64638f2
  md5: 3845f3d75991bae0fb90884662f4327c
  depends:
  - cpython
  - python-gil
  license: MIT
  license_family: MIT
  run_exports: {}
  size: 8144
  timestamp: 1784221492234
- conda: https://conda.anaconda.org/conda-forge/noarch/ca-certificates-2026.7.22-hbd8a1cb_0.conda
  sha256: 0a0544cf95f64394fe4959286f5c71f5444ad58feb0602e53becb27448d24da6
  md5: 0f51e2391ade309db462a55611263e9c
  depends:
  - __unix
  license: ISC
  run_exports: {}
  size: 131780
  timestamp: 1784754889428
- conda: https://conda.anaconda.org/conda-forge/noarch/click-8.5.0-pyh5ded981_0.conda
  sha256: 9afb0c2c089330321a219c7ee5a25313bd574d4024be606cbb33e7a5735df662
  md5: dea5b13a211bbf99876deb980b408a66
  depends:
  - python >=3.11
  - python
  license: BSD-3-Clause
  license_family: BSD
  run_exports: {}
  size: 112341
  timestamp: 1788802215348
- conda: https://conda.anaconda.org/conda-forge/noarch/cpython-3.14.8-py314hd8ed1ab_101.conda
  noarch: generic
  sha256: 87a3a33e298a72a2783f387b9c86117a2081c676b136d2762b1212f80a09db63
  md5: 5d4db5def0cc53b589ab6ed29d8a78e2
  depends:
  - python >=3.14,<3.15.0a0
  - python_abi * *_cp314
  license: Python-2.0
  run_exports: {}
  size: 51740
  timestamp: 1791332299927
- conda: https://conda.anaconda.org/conda-forge/noarch/exceptiongroup-1.3.1-pyhd8ed1ab_0.conda
  sha256: ee6cf346d017d954255bbcbdb424cddea4d14e4ed7e9813e429db1d795d01144
  md5: 8e662bd460bda79b1ea39194e3c4c9ab
  depends:
  - python >=3.10
  - typing_extensions >=4.6.0
  license: MIT and PSF-2.0
  run_exports: {}
  size: 21333
  timestamp: 1763918099466
- conda: https://conda.anaconda.org/conda-forge/noarch/importlib-metadata-9.0.1-pyhcf101f3_0.conda
  sha256: 95a074a7d3f58b3494c068d4789c364dcb591c56b70ca6b12f149a540f9aeea4
  md5: 77ec68e0aa61c3fff9ecbf840f93d64e
  depends:
  - python >=3.10
  - zipp >=3.20
  - python
  license: Apache-2.0
  license_family: APACHE
  run_exports: {}
  size: 34920
  timestamp: 1787943971257
- conda: https://conda.anaconda.org/conda-forge/noarch/jupyter_client-8.6.3-pyhd8ed1ab_1.conda
  sha256: 19d8bd5bb2fde910ec59e081eeb59529491995ce0d653a5209366611023a0b3a
  md5: 4ebae00eae9705b0c3d6d1018a81d047
  depends:
  - importlib-metadata >=4.8.3
  - jupyter_core >=4.12,!=5.0.*
  - python >=3.9
  - python-dateutil >=2.8.2
  - pyzmq >=23.0
  - tornado >=6.2
  - traitlets >=5.3
  license: BSD-3-Clause
  license_family: BSD
  run_exports: {}
  size: 106342
  timestamp: 1733441040958
- conda: https://conda.anaconda.org/conda-forge/noarch/jupyter_core-5.9.1-pyhc90fa1f_0.conda
  sha256: 1d34b80e5bfcd5323f104dbf99a2aafc0e5d823019d626d0dce5d3d356a2a52a
  md5: b38fe4e78ee75def7e599843ef4c1ab0
  depends:
  - __unix
  - python
  - platformdirs >=2.5
  - python >=3.10
  - traitlets >=5.3
  - python
  constrains:
  - pywin32 >=300
  license: BSD-3-Clause
  license_family: BSD
  run_exports: {}
  size: 65503
  timestamp: 1760643864586
- conda: https://conda.anaconda.org/conda-forge/noarch/markdown-it-py-4.2.0-pyhd8ed1ab_0.conda
  sha256: 0c4c35376fe920714390d46e4b8d31c876d65f18e1655899e0763ec25f2a902f
  md5: 6d03368f2b2b0a5fb6839df53b2eb5e0
  depends:
  - mdurl >=0.1,<1
  - python >=3.10
  license: MIT
  license_family: MIT
  run_exports: {}
  size: 69017
  timestamp: 1778169663339
- conda: https://conda.anaconda.org/conda-forge/noarch/mdurl-0.1.2-pyhd8ed1ab_1.conda
  sha256: 78c1bbe1723449c52b7a9df1af2ee5f005209f67e40b6e1d3c7619127c43b1c7
  md5: 592132998493b3ff25fd7479396e8351
  depends:
  - python >=3.9
  license: MIT
  license_family: MIT
  run_exports: {}
  size: 14465
  timestamp: 1733255681319
- conda: https://conda.anaconda.org/conda-forge/noarch/mypy_extensions-1.1.0-pyha770c72_0.conda
  sha256: 6ed158e4e5dd8f6a10ad9e525631e35cee8557718f83de7a4e3966b1f772c4b1
  md5: e9c622e0d00fa24a6292279af3ab6d06
  depends:
  - python >=3.9
  license: MIT
  license_family: MIT
  run_exports: {}
  size: 11766
  timestamp: 1745776666688
- conda: https://conda.anaconda.org/conda-forge/noarch/packaging-26.3-pyhc364b38_0.conda
  sha256: c432626b16768b8dab228bfb706f7060c2d462a21c516d240f68f2f902b5a044
  md5: 936687ed80f295a1f5dbcf8bd34c252c
  depends:
  - python >=3.9
  - python
  license: Apache-2.0
  license_family: APACHE
  run_exports: {}
  size: 116363
  timestamp: 1785888127370
- conda: https://conda.anaconda.org/conda-forge/noarch/pathspec-1.1.1-pyhd8ed1ab_0.conda
  sha256: 6eaee417d33f298db79bc7185ab1208604c0e6cf51dade34cd513c6f9db9c6f3
  md5: 11adc78451c998c0fd162584abfa3559
  depends:
  - python >=3.10
  license: MPL-2.0
  license_family: MOZILLA
  run_exports: {}
  size: 56559
  timestamp: 1777271601895
- conda: https://conda.anaconda.org/conda-forge/noarch/platformdirs-4.12.4-pyh5ded981_0.conda
  sha256: 451ad43d7dbccf92c0fa7ee4b9734a7015885bd6008274c02e9a667050c512ef
  md5: 1a1ecf449d88e4a376c69519857f6a5d
  depends:
  - python >=3.11
  - python
  license: MIT
  run_exports: {}
  size: 33902
  timestamp: 1791424402874
- conda: https://conda.anaconda.org/conda-forge/noarch/pygments-2.21.0-pyhcf101f3_0.conda
  sha256: f5f015ff1bc3e1b7fc08eee096b1865234189ae0b82bebdb86a5369116e42fa0
  md5: 2882dee445dfa45b0c5afce3ffb7730a
  depends:
  - python >=3.10
  - python
  license: BSD-2-Clause
  license_family: BSD
  run_exports: {}
  size: 959376
  timestamp: 1786995678795
- conda: https://conda.anaconda.org/conda-forge/noarch/python-dateutil-2.9.0.post0-pyhe01879c_2.conda
  sha256: d6a17ece93bbd5139e02d2bd7dbfa80bee1a4261dced63f65f679121686bf664
  md5: 5b8d21249ff20967101ffa321cab24e8
  depends:
  - python >=3.9
  - six >=1.5
  - python
  license: Apache-2.0
  license_family: APACHE
  run_exports: {}
  size: 233310
  timestamp: 1751104122689
- conda: https://conda.anaconda.org/conda-forge/noarch/python-gil-3.14.8-h4df99d1_101.conda
  sha256: 45b2dc0b5964afd75ddf0d1c2664ce6afb8c5bb8d9bca2b7d12770c2c3916375
  md5: 4dad6322fdfbdc63f24f0563d22fbff8
  depends:
  - cpython 3.14.8.*
  - python_abi * *_cp314
  license: Python-2.0
  run_exports: {}
  size: 51710
  timestamp: 1791332306188
- conda: https://conda.anaconda.org/conda-forge/noarch/python_abi-3.14-9_cp314.conda
  build_number: 9
  sha256: e7f8e965bbfb98e08feb2365cacdad8bb218fa5b5a0a2752f747287f425f213c
  md5: 350d89b50d7de805abf2e63e29dee451
  constrains:
  - python 3.14.* *_cp314
  license: BSD-3-Clause
  license_family: BSD
  run_exports: {}
  size: 6791
  timestamp: 1788302824440
- conda: https://conda.anaconda.org/conda-forge/noarch/rich-15.0.0-pyhcf101f3_0.conda
  sha256: 3d6ba2c0fcdac3196ba2f0615b4104e532525ffa1335b50a2878be5ff488814a
  md5: 0242025a3c804966bf71aa04eee82f66
  depends:
  - markdown-it-py >=2.2.0
  - pygments >=2.13.0,<3.0.0
  - python >=3.10
  - typing_extensions >=4.0.0,<5.0.0
  - python
  license: MIT
  license_family: MIT
  run_exports: {}
  size: 208577
  timestamp: 1775991661559
- conda: https://conda.anaconda.org/conda-forge/noarch/six-1.17.0-pyhe01879c_1.conda
  sha256: 458227f759d5e3fcec5d9b7acce54e10c9e1f4f4b7ec978f3bfd54ce4ee9853d
  md5: 3339e3b65d58accf4ca4fb8748ab16b3
  depends:
  - python >=3.9
  - python
  license: MIT
  license_family: MIT
  run_exports: {}
  size: 18455
  timestamp: 1753199211006
- conda: https://conda.anaconda.org/conda-forge/noarch/taskgroup-0.2.2-pyhd8ed1ab_0.conda
  sha256: 6f8db6da8de445930de55b708e6a5d3ab5f076bc14a39578db0190b2a9b8e437
  md5: 9fa69537fb68a095fbac139210575bad
  depends:
  - exceptiongroup
  - python >=3.9
  - typing_extensions >=4.12.2,<5
  license: MIT
  license_family: MIT
  run_exports: {}
  size: 17330
  timestamp: 1736003478648
- conda: https://conda.anaconda.org/conda-forge/noarch/tomli-2.5.0-pyh5ded981_0.conda
  sha256: 93b6f517fb7adff00b62be02b798d384a1b34d0e368fdb576fb248bcb3bb9ec7
  md5: 36d6a162326c52d6339c8b606f43932d
  depends:
  - python >=3.11
  - python
  license: MIT
  license_family: MIT
  run_exports: {}
  size: 21687
  timestamp: 1791394576814
- conda: https://conda.anaconda.org/conda-forge/noarch/traitlets-5.16.1-pyhcf101f3_0.conda
  sha256: 03dba5917f944c6684ab44c81daacac1624cd148e4b2cae215dcec594a210c48
  md5: a79bf97561232a31447b6246c2153ab5
  depends:
  - python >=3.10
  - python
  license: BSD-3-Clause
  license_family: BSD
  run_exports: {}
  size: 116935
  timestamp: 1785761789772
- conda: https://conda.anaconda.org/conda-forge/noarch/typing-extensions-4.16.0-h69aa097_0.conda
  sha256: b141933ece3518f6d7b75dfb59451e2f26b405a44c18e2518a83e9a02e09315c
  md5: c680b5747e8c4c8f23dca0bb7042a8fc
  depends:
  - typing_extensions ==4.16.0 pyhcf101f3_0
  license: PSF-2.0
  license_family: PSF
  run_exports: {}
  size: 94080
  timestamp: 1783002732887
- conda: https://conda.anaconda.org/conda-forge/noarch/typing_extensions-4.16.0-pyhcf101f3_0.conda
  sha256: 2d888f90af0686044882c74193ec80a90ec1943145d94a7b1b048958acda1848
  md5: c70ad746c22219b9700931707482992c
  depends:
  - python >=3.10
  - python
  license: PSF-2.0
  license_family: PSF
  run_exports: {}
  size: 52631
  timestamp: 1783002732887
- conda: https://conda.anaconda.org/conda-forge/noarch/tzdata-2026c-h151e31d_0.conda
  sha256: b928c30ddcb0e3f544c6eade8352737e6e610e263276b90232db6a578ef899d8
  md5: fcb489df604d100968b737f2cb6076c6
  license: LicenseRef-Public-Domain
  run_exports: {}
  size: 118849
  timestamp: 1784250406640
- conda: https://conda.anaconda.org/conda-forge/noarch/zipp-4.1.1-pyh5ded981_0.conda
  sha256: 3aa601ef121f42dcb79400375e72f833ddc68bc6243f3e5535168b2d69cc9c70
  md5: 6cad4d2cec9b7b64538c225ac91d2e8a
  depends:
  - python >=3.11
  - python
  license: MIT
  license_family: MIT
  run_exports: {}
  size: 24839
  timestamp: 1791091060207
- conda: https://conda.anaconda.org/conda-forge/osx-arm64/_openmp_mutex-4.5-8_kmp_llvm.conda
  build_number: 8
  sha256: c7c98ce74f6a7ff25aaa4706d06fa41d63a333add4d697b73aa4d8d2d7ad7651
  md5: a2d706b4a7d603524133037c34f7fb76
  depends:
  - llvm-openmp >=9.0.1
  license: BSD-3-Clause
  license_family: BSD
  run_exports:
    weak:
    - _openmp_mutex >=4.5
  size: 8016
  timestamp: 1788046437162
- conda: https://conda.anaconda.org/conda-forge/osx-arm64/bzip2-1.0.8-h4e30115_10.conda
  sha256: 8ec22f0ba25cbfc2e64d70cf29459eccd7ffdf6436f6a6ff15bbfef799f7d4f6
  md5: b50612e7d190b8061ab4e7dc119cf4d5
  depends:
  - __osx >=11.0
  license: bzip2-1.0.6
  license_family: BSD
  run_exports:
    weak:
    - bzip2 >=1.0.8,<2.0a0
  size: 124965
  timestamp: 1785906749812
- conda: https://conda.anaconda.org/conda-forge/osx-arm64/krb5-1.22.2-h34f8a20_2.conda
  sha256: aaea1d42b07769920db2af7471ece9399d2613448863da64ad8272998db5db34
  md5: 15235dd10450d67bc25ccafd5b46d2bc
  depends:
  - __osx >=11.0
  - libcxx >=21
  - libedit >=3.1.20250104,<3.2.0a0
  - libedit >=3.1.20250104,<4.0a0
  - openssl >=3.5.7,<4.0a0
  license: MIT
  license_family: MIT
  run_exports:
    weak:
    - krb5 >=1.22.2,<1.23.0a0
  size: 1165740
  timestamp: 1786762145768
- conda: https://conda.anaconda.org/conda-forge/osx-arm64/libblas-3.11.0-11_h51639a9_openblas.conda
  build_number: 11
  sha256: 718c3e1a16ad946caeeba041520dc18b7af461226bd8c28faef78b181920dbb4
  md5: 364639b771dbb4ede335d965f55a23ac
  depends:
  - libopenblas >=0.3.34,<0.3.35.0a0
  - libopenblas >=0.3.34,<1.0a0
  constrains:
  - blas 2.311   openblas
  - libcblas   3.11.0   11*_openblas
  - liblapack  3.11.0   11*_openblas
  - liblapacke 3.11.0   11*_openblas
  - mkl <2027
  license: BSD-3-Clause
  license_family: BSD
  run_exports:
    weak:
    - libblas >=3.11.0,<4.0a0
  size: 18300
  timestamp: 1789061064192
- conda: https://conda.anaconda.org/conda-forge/osx-arm64/libcblas-3.11.0-11_hb0561ab_openblas.conda
  build_number: 11
  sha256: 3cebd672d8bd7c776a381422ea3fc48131343aeda2879974734715ac6a05c292
  md5: 73bde7d713e790b3168707e02102e87b
  depends:
  - libblas 3.11.0 11_h51639a9_openblas
  constrains:
  - blas 2.311   openblas
  - liblapack  3.11.0   11*_openblas
  - liblapacke 3.11.0   11*_openblas
  license: BSD-3-Clause
  license_family: BSD
  run_exports:
    weak:
    - libcblas >=3.11.0,<4.0a0
  size: 18324
  timestamp: 1789061068736
- conda: https://conda.anaconda.org/conda-forge/osx-arm64/libcxx-23.1.3-h55c6f16_0.conda
  sha256: 2d9d31172d7919bd276a8d1be338de567dd5afdd181e8d3d3d8c2d8695e09de2
  md5: 424521e52e65ef7f6cf957c4966e6386
  depends:
  - __osx >=11.0
  license: Apache-2.0 WITH LLVM-exception
  license_family: Apache
  run_exports: {}
  size: 577501
  timestamp: 1791337239735
- conda: https://conda.anaconda.org/conda-forge/osx-arm64/libedit-3.1.20260512-pl5321h26f1114_0.conda
  sha256: 5692a969e49b200c7874d1e869d281753361980b2ecfe9191b571d7e550f8b92
  md5: ef2ab2462744ec6ba3a54c34dcc6a06e
  depends:
  - ncurses
  - __osx >=11.0
  - ncurses >=6.6,<7.0a0
  license: BSD-2-Clause
  license_family: BSD
  run_exports:
    weak:
    - libedit >=3.1.20260512,<3.2.0a0
  size: 108512
  timestamp: 1791327440683
- conda: https://conda.anaconda.org/conda-forge/osx-arm64/libexpat-2.8.5-h6111c0a_0.conda
  sha256: 50aa761b83fc7a116ca88fe0cb4cefce5abababb10a926bf8afbafd5c298d102
  md5: 5383c550b785bdaafcc4eaf638071a7c
  depends:
  - __osx >=11.0
  constrains:
  - expat 2.8.5.*
  license: MIT
  license_family: MIT
  run_exports: {}
  size: 69565
  timestamp: 1790370026495
- conda: https://conda.anaconda.org/conda-forge/osx-arm64/libffi-3.7.0-h47dc5ef_1.conda
  sha256: 2783389a7b9dda04c62cc54c6bbeb03dd3cef24b3fc642715d02a3fa19464a9a
  md5: 216bbcc23c11e9695b3db4a8771d76eb
  depends:
  - __osx >=11.0
  license: MIT
  license_family: MIT
  run_exports:
    weak:
    - libffi >=3.7.0,<3.8.0a0
  size: 43637
  timestamp: 1787753403688
- conda: https://conda.anaconda.org/conda-forge/osx-arm64/libgcc-16.2.0-h3cf6597_7.conda
  sha256: deacf62bd6cbbe05eb085dd69a2ca120053597c37066d53c8f7cf6815f26e9eb
  md5: f100c8baeb0c816052b0d43948555bf6
  depends:
  - _openmp_mutex
  constrains:
  - libgcc-ng ==16.2.0=*_7
  - libgomp 16.2.0 7
  license: GPL-3.0-only WITH GCC-exception-3.1
  license_family: GPL
  run_exports: {}
  size: 365973
  timestamp: 1790301995634
- conda: https://conda.anaconda.org/conda-forge/osx-arm64/libgfortran-16.2.0-h07b0088_7.conda
  sha256: a5b4b63d0ef4c7c59c37225b9f0307b5cd2a3a8499b2a40b6ddd2b9f072712a8
  md5: 2efa9518e126c501a7c7d638b2fa3a21
  depends:
  - libgfortran5 16.2.0 hdb7a957_7
  constrains:
  - libgfortran-ng ==16.2.0=*_7
  license: GPL-3.0-only WITH GCC-exception-3.1
  license_family: GPL
  run_exports: {}
  size: 99745
  timestamp: 1790302083840
- conda: https://conda.anaconda.org/conda-forge/osx-arm64/libgfortran5-16.2.0-hdb7a957_7.conda
  sha256: 19297e5cf39de976cdd1a46499a4e15fdf54d249d3231f3b2a9d43af3be0bc66
  md5: c9d80dd8775b8fe76e825d63d8ccaf1b
  depends:
  - libgcc >=16.2.0
  constrains:
  - libgfortran 16.2.0
  license: GPL-3.0-only WITH GCC-exception-3.1
  license_family: GPL
  run_exports: {}
  size: 554793
  timestamp: 1790302001166
- conda: https://conda.anaconda.org/conda-forge/osx-arm64/liblapack-3.11.0-11_hd9741b5_openblas.conda
  build_number: 11
  sha256: e7697df761eeb243272801a8c883dc1de6018a7f738746b443ef1396f0a78075
  md5: d67ef1462e77d20cd3e0d27c876c3c9a
  depends:
  - libblas 3.11.0 11_h51639a9_openblas
  constrains:
  - blas 2.311   openblas
  - libcblas   3.11.0   11*_openblas
  - liblapacke 3.11.0   11*_openblas
  license: BSD-3-Clause
  license_family: BSD
  run_exports:
    weak:
    - liblapack >=3.11.0,<3.12.0a0
  size: 18284
  timestamp: 1789061072707
- conda: https://conda.anaconda.org/conda-forge/osx-arm64/liblzma-5.8.3-h8088a28_1.conda
  sha256: 23d0630046a3e8b164d8f80f2b74ed2605af2e7050ab9913018056402fae4311
  md5: 8ab10323068b107661a4b9a4af84f3b5
  depends:
  - __osx >=11.0
  constrains:
  - xz 5.8.3.*
  license: 0BSD
  run_exports:
    weak:
    - liblzma >=5.8.3,<6.0a0
  size: 91720
  timestamp: 1786348695846
- conda: https://conda.anaconda.org/conda-forge/osx-arm64/libmpdec-4.0.0-h84a0fba_2.conda
  sha256: 04cc136c5a956a73aa14e0a160b5822b0b29714e67b299fa1b1fd16dbcba5366
  md5: ff33a4dbd93abc8a798cc4e0e7c8136d
  depends:
  - __osx >=11.0
  license: BSD-2-Clause
  license_family: BSD
  run_exports: {}
  size: 73289
  timestamp: 1786651074391
- conda: https://conda.anaconda.org/conda-forge/osx-arm64/libopenblas-0.3.34-openmp_h5e6e99c_1.conda
  sha256: 18f167fdaa26f67a123c59766f4730b41866d2c0920b5c29d74a93d3a2e92a96
  md5: 9c874eb9d4441a658ef3acf6ac56dc3e
  depends:
  - __osx >=11.0
  - libgcc >=15
  - libgfortran
  - libgfortran5 >=15.3.0
  - llvm-openmp >=21.1.8
  constrains:
  - openblas >=0.3.34,<0.3.35.0a0
  license: BSD-3-Clause
  license_family: BSD
  run_exports:
    weak:
    - libopenblas >=0.3.34,<1.0a0
  size: 4249236
  timestamp: 1789023664380
- conda: https://conda.anaconda.org/conda-forge/osx-arm64/libpython-3.14.8-h4311e70_101_cp314.conda
  build_number: 101
  sha256: 257d8491de0514a5da3b3fd0d81a64802df6a7e3a72c31d639bd92d0cb110a0f
  md5: af47f048c7a22af82a66a912794fe4ee
  depends:
  - __osx >=11.0
  - libcxx >=20
  license: Python-2.0
  run_exports:
    weak:
    - libpython >=3.14,<4.0a0
  size: 1895946
  timestamp: 1791332518303
- conda: https://conda.anaconda.org/conda-forge/osx-arm64/libsodium-1.0.22-h74c22ad_3.conda
  sha256: 0fb001d9b28dc19096388beadaed3af98100f4260707ecb9c177fae68b0e9ece
  md5: b237804d151d3d05d4d7fd9052c5664b
  depends:
  - __osx >=11.0
  license: ISC
  run_exports:
    weak:
    - libsodium >=1.0.22,<1.0.23.0a0
  size: 249403
  timestamp: 1789425371505
- conda: https://conda.anaconda.org/conda-forge/osx-arm64/libsqlite-3.53.4-h34a968b_103.conda
  sha256: b7c1d5a15d21948eec177a00e90801ad0d1c35e552404da9fbf0d657421aa0dd
  md5: 68c3a50b8a8abfcc926f2d7e12d1fef5
  depends:
  - __osx >=11.0
  - libzlib >=1.3.2,<2.0a0
  constrains:
  - icu <0.0a0
  license: blessing
  run_exports:
    weak:
    - libsqlite >=3.53.4,<4.0a0
  size: 938370
  timestamp: 1791288154128
- conda: https://conda.anaconda.org/conda-forge/osx-arm64/libzlib-1.3.2-h8088a28_3.conda
  sha256: a18fa5d5bac452401459f966cf0d872224e8080c4ff93c77e168d43ab42ef9d7
  md5: f39288f0ea63ae962e1a2e4f355a0d75
  depends:
  - __osx >=11.0
  constrains:
  - zlib 1.3.2 *_3
  license: Zlib
  license_family: Other
  run_exports:
    weak:
    - libzlib >=1.3.2,<2.0a0
  size: 47822
  timestamp: 1785277049190
- conda: https://conda.anaconda.org/conda-forge/osx-arm64/llvm-openmp-23.1.3-hdb3d66b_0.conda
  sha256: b8114cade9167d9f0ec927af9b0552b035777c231742d16a18f66bbb8661a303
  md5: 46400897b481f8ca92d4047d16b0690a
  depends:
  - __osx >=11.0
  constrains:
  - intel-openmp <0.0a0
  - openmp 23.1.3|23.1.3.*
  license: Apache-2.0 WITH LLVM-exception
  license_family: APACHE
  run_exports:
    strong:
    - llvm-openmp >=23.1.3
  size: 287857
  timestamp: 1791367997433
- conda: https://conda.anaconda.org/conda-forge/osx-arm64/msgspec-0.22.0-py314hcd3153d_0.conda
  sha256: 3866e0182b291879979ae13afc535374f9b488dd414a8fcfe3f3950bdf1cfd07
  md5: e69ddf78099dabda676b22661959b17d
  depends:
  - __osx >=11.0
  - python >=3.14,<3.15.0a0
  - python_abi 3.14.* *_cp314
  license: BSD-3-Clause
  license_family: BSD
  run_exports: {}
  size: 206316
  timestamp: 1791282655035
- conda: https://conda.anaconda.org/conda-forge/osx-arm64/ncurses-6.6-he64c551_1.conda
  sha256: 7024a48c8c0d0114ed4ab53c76bf9275d50e91ba7cea367a9aead638d3c29c68
  md5: 3dfa0d0316dc246cd44937a557de4501
  depends:
  - __osx >=11.0
  license: X11 AND BSD-3-Clause
  run_exports:
    weak:
    - ncurses >=6.6,<7.0a0
  size: 804298
  timestamp: 1786355189145
- conda: https://conda.anaconda.org/conda-forge/osx-arm64/numpy-2.5.3-py314he06036b_0.conda
  sha256: 693fa3d8d4303c35250025409d1cbc6d0d6270fd3778303dfe9ea89e29003871
  md5: 37bb35c87a060e9ab1551c5bd987074f
  depends:
  - python
  - __osx >=11.0
  - libcxx >=21
  - libblas >=3.9.0,<4.0a0
  - liblapack >=3.9.0,<4.0a0
  - libcblas >=3.9.0,<4.0a0
  - python_abi 3.14.* *_cp314
  constrains:
  - numpy-base <0a0
  license: BSD-3-Clause
  license_family: BSD
  run_exports:
    weak:
    - numpy >=1.25,<3
  size: 7273776
  timestamp: 1788732001328
- conda: https://conda.anaconda.org/conda-forge/osx-arm64/openssl-3.6.5-h55eecbc_0.conda
  sha256: 44fbc526456571a9fb8fa18157f6f269d4d4bd40eef20183a93b9c9296f94497
  md5: 45d9179cdf6e53d88aec034246f0dad6
  depends:
  - __osx >=11.0
  - ca-certificates
  license: Apache-2.0
  license_family: Apache
  run_exports:
    weak:
    - openssl >=3.6.5,<4.0a0
  size: 3111573
  timestamp: 1791097959641
- conda: https://conda.anaconda.org/conda-forge/osx-arm64/psutil-7.2.2-py314hd98292b_3.conda
  sha256: 928b3b487a9efc390cc3f4a9673936f9ed4ec22491f8bfa8f93c582cec5c2351
  md5: 2a0cf5268185193c866d774658729698
  depends:
  - python
  - __osx >=11.0
  - python_abi 3.14.* *_cp314
  license: BSD-3-Clause
  license_family: BSD
  run_exports: {}
  size: 242734
  timestamp: 1789682096175
- conda: https://conda.anaconda.org/conda-forge/osx-arm64/python-3.14.8-h0ae1c2c_101_cp314.conda
  build_number: 101
  sha256: 4aebb9d626b26a2f7257d3c671bac70a96fffd4706db4d61c35f7bda6bee74f3
  md5: db895757bd372efa32f96937fabb3ef0
  depends:
  - __osx >=11.0
  - bzip2 >=1.0.8,<2.0a0
  - libexpat >=2.8.5,<3.0a0
  - libffi >=3.7.0,<3.8.0a0
  - liblzma >=5.8.3,<6.0a0
  - libmpdec >=4.0.0,<5.0a0
  - libpython 3.14.8 h4311e70_101_cp314
  - libsqlite >=3.53.4,<4.0a0
  - libzlib >=1.3.2,<2.0a0
  - ncurses >=6.6,<7.0a0
  - openssl >=3.5.9,<4.0a0
  - python_abi 3.14.* *_cp314
  - readline >=8.3,<9.0a0
  - tk >=8.6.13,<8.7.0a0
  - tzdata
  - zstd >=1.5.7,<1.6.0a0
  license: Python-2.0
  run_exports:
    weak:
    - python_abi 3.14.* *_cp314
    noarch:
    - python
  size: 12496923
  timestamp: 1791332554767
  python_site_packages_path: lib/python3.14/site-packages
- conda: https://conda.anaconda.org/conda-forge/osx-arm64/pyzmq-27.2.0-py312hdfb5542_2.conda
  noarch: python
  sha256: 42941c85f5f6435ccd84e9aed37de8fd9b3b40ab1c14ae2542ffb4c5e1c84e4e
  md5: 8f718ff26a7f93e460445351c20929ef
  depends:
  - python
  - libcxx >=21
  - __osx >=11.0
  - zeromq >=4.3.5,<4.4.0a0
  - _python_abi3_support 1.*
  - cpython >=3.12
  license: BSD-3-Clause
  license_family: BSD
  run_exports: {}
  size: 197695
  timestamp: 1789730185188
- conda: https://conda.anaconda.org/conda-forge/osx-arm64/readline-8.3-h8b90a29_1.conda
  sha256: d6782b430e6dce4fe8c7ac118cd988d5a193eb4a7f60741edfaede58016b6110
  md5: 9347fd56a002e6b58946831d48fe62f6
  depends:
  - __osx >=11.0
  - ncurses >=6.6,<7.0a0
  license: GPL-3.0-only
  license_family: GPL
  run_exports:
    weak:
    - readline >=8.3,<9.0a0
  size: 314395
  timestamp: 1787033878899
- conda: https://conda.anaconda.org/conda-forge/osx-arm64/tk-8.6.13-hbeba79b_4.conda
  sha256: 857d89087ae7f2c328cf256728affcb7343031a148b4af847334d248a9cf564c
  md5: 90a01bf394d1c594e0eb9258f967d828
  depends:
  - __osx >=11.0
  - libzlib >=1.3.2,<2.0a0
  license: TCL
  run_exports:
    weak:
    - tk >=8.6.13,<8.7.0a0
  size: 3342183
  timestamp: 1787272852357
- conda: https://conda.anaconda.org/conda-forge/osx-arm64/tornado-6.5.10-py314hcd3153d_0.conda
  sha256: b18706fdd0022f0467912956a24d2e28180ba37d14555be5e382bea51869a6ae
  md5: 9079ddcc60b0cf5848f665fa0e7088f9
  depends:
  - __osx >=11.0
  - python >=3.14,<3.15.0a0
  - python_abi 3.14.* *_cp314
  license: Apache-2.0
  license_family: Apache
  run_exports: {}
  size: 952431
  timestamp: 1789911042938
- conda: https://conda.anaconda.org/conda-forge/osx-arm64/zeromq-4.3.5-h6eb0046_12.conda
  sha256: 4fe0cd73a686cc4466ca005166a5aa351dc665aa26166b68752d90930f214382
  md5: 89102eac6e230f7636c40a1411223484
  depends:
  - libcxx >=21
  - __osx >=11.0
  - libsodium >=1.0.22,<1.0.23.0a0
  - krb5 >=1.22.2,<1.23.0a0
  license: MPL-2.0
  license_family: MOZILLA
  run_exports:
    weak:
    - zeromq >=4.3.5,<4.4.0a0
  size: 244219
  timestamp: 1789076600961
- conda: https://conda.anaconda.org/conda-forge/osx-arm64/zstd-1.5.7-hf451053_7.conda
  sha256: da867f5092eb0cb746d353694f0098031fd9817a4ce7d5743121209ae0f406ca
  md5: 4ec2684c73812cc2c3d78379384a39cc
  depends:
  - __osx >=11.0
  - libzlib >=1.3.2,<2.0a0
  license: BSD-3-Clause
  license_family: BSD
  run_exports:
    weak:
    - zstd >=1.5.7,<1.6.0a0
  size: 433687
  timestamp: 1786599629846
- conda: https://conda.modular.com/max/noarch/mblack-26.5.0-release.conda
  noarch: python
  sha256: 49102b55366eab56b04620533302b8693b4fa4a6c5972b3cc978b3f3bad83ebe
  md5: 0cbfc119215c063cd279f0a6beb04285
  depends:
  - python >=3.10
  - click >=8.0.0
  - mypy_extensions >=0.4.3
  - packaging >=22.0
  - pathspec >=0.9.0
  - platformdirs >=2
  - tomli >=1.1.0
  license: LicenseRef-Modular-Proprietary
  run_exports: {}
  size: 137187
  timestamp: 1786151006088
- conda: https://conda.modular.com/max/noarch/mojo-python-1.0.0-release.conda
  noarch: python
  sha256: fc449a47c7707ed96a794768e29d5d2b0bf7afab373e2a9751f281ed7c4f822c
  md5: 4a27e1596a5c2d27330a2377090b12c5
  depends:
  - python >=3.10
  license: LicenseRef-Modular-Proprietary
  run_exports: {}
  size: 24040
  timestamp: 1785891558838
- conda: https://conda.modular.com/max/osx-arm64/max-26.5.0-3.14release.conda
  sha256: 68574e4ec10a388d279328a3d785b631d3737ceaf64a6f3f918dc774183ae1c7
  md5: e03db0250f09fdd52c5991d972d044cb
  depends:
  - click >=8.0.0
  - exceptiongroup >=0.2.2
  - msgspec >=0.19.0
  - numpy >=1.18
  - psutil >=7.0.0
  - rich >=13.0.1
  - taskgroup >=0.2.2
  - typing-extensions >=4.12.2
  - python 3.14.*
  - python-gil
  - max-core ==26.5.0
  license: LicenseRef-Modular-Proprietary
  run_exports: {}
  size: 16365243
  timestamp: 1786294957687
- conda: https://conda.modular.com/max/osx-arm64/max-core-26.5.0-release.conda
  sha256: 774f2b368d1473553debbfb61566e2d1091951990f003340eb836fd4baeb50ea
  md5: 24bbf832b1dc7d486b3e8b051b7c001c
  depends:
  - mojo-compiler ==1.0.0
  license: LicenseRef-Modular-Proprietary
  run_exports: {}
  size: 66719553
  timestamp: 1786294908386
- conda: https://conda.modular.com/max/osx-arm64/mojo-1.0.0-release.conda
  sha256: 200bd9ace6e06ad2a9b4f4cce9afa3e5f3c00b3d87a6d57206249df2a5568e38
  md5: 954433eb905b424cc3d4325c9c2242de
  depends:
  - python >=3.10
  - mojo-compiler ==1.0.0
  - mblack ==26.5.0
  - jupyter_client >=8.6.2,<8.7
  license: LicenseRef-Modular-Proprietary
  run_exports: {}
  size: 101155040
  timestamp: 1786294689438
- conda: https://conda.modular.com/max/osx-arm64/mojo-compiler-1.0.0-release.conda
  sha256: c52054bc444d851e5c38cc33e790fb011a1080470244aaa59351ac5056d08c59
  md5: b5103c9d9978173a1e97c5e5eed1aeba
  depends:
  - mojo-python ==1.0.0
  license: LicenseRef-Modular-Proprietary
  run_exports: {}
  size: 61221085
  timestamp: 1786294690001
